
Microsoft Visual Studio Solution File, Format Version 12.00
# Visual Studio Version 16
VisualStudioVersion = 16.0.30330.147
MinimumVisualStudioVersion = 10.0.40219.1
Project("{9A19103F-16F7-4668-BE54-9A1E7A4F7556}") = "Proyecto.Api", "Proyecto.Api\Proyecto.Api.csproj", "{484C48CA-A3D0-4E0E-AA10-749D77A50BA1}"
EndProject
Project("{9A19103F-16F7-4668-BE54-9A1E7A4F7556}") = "Proyecto.Domain", "Proyecto.Domain\Proyecto.Domain.csproj", "{D2721DBE-ADCC-4DE5-A3CD-2DD3AAB6F499}"
EndProject
Project("{9A19103F-16F7-4668-BE54-9A1E7A4F7556}") = "Proyecto.Infrastructure", "Proyecto.Infrastructure\Proyecto.Infrastructure.csproj", "{3046BFF0-B192-460E-9BC3-8463CA613677}"
EndProject
Project("{9A19103F-16F7-4668-BE54-9A1E7A4F7556}") = "Proyecto.Application", "Proyecto.Application\Proyecto.Application.csproj", "{F9B7D590-5219-4C4A-AA63-38E6F3D5E7D5}"
EndProject
Global
	GlobalSection(SolutionConfigurationPlatforms) = preSolution
		Debug|Any CPU = Debug|Any CPU
		Release|Any CPU = Release|Any CPU
	EndGlobalSection
	GlobalSection(ProjectConfigurationPlatforms) = postSolution
		{484C48CA-A3D0-4E0E-AA10-749D77A50BA1}.Debug|Any CPU.ActiveCfg = Debug|Any CPU
		{484C48CA-A3D0-4E0E-AA10-749D77A50BA1}.Debug|Any CPU.Build.0 = Debug|Any CPU
		{484C48CA-A3D0-4E0E-AA10-749D77A50BA1}.Release|Any CPU.ActiveCfg = Release|Any CPU
		{484C48CA-A3D0-4E0E-AA10-749D77A50BA1}.Release|Any CPU.Build.0 = Release|Any CPU
		{D2721DBE-ADCC-4DE5-A3CD-2DD3AAB6F499}.Debug|Any CPU.ActiveCfg = Debug|Any CPU
		{D2721DBE-ADCC-4DE5-A3CD-2DD3AAB6F499}.Debug|Any CPU.Build.0 = Debug|Any CPU
		{D2721DBE-ADCC-4DE5-A3CD-2DD3AAB6F499}.Release|Any CPU.ActiveCfg = Release|Any CPU
		{D2721DBE-ADCC-4DE5-A3CD-2DD3AAB6F499}.Release|Any CPU.Build.0 = Release|Any CPU
		{3046BFF0-B192-460E-9BC3-8463CA613677}.Debug|Any CPU.ActiveCfg = Debug|Any CPU
		{3046BFF0-B192-460E-9BC3-8463CA613677}.Debug|Any CPU.Build.0 = Debug|Any CPU
		{3046BFF0-B192-460E-9BC3-8463CA613677}.Release|Any CPU.ActiveCfg = Release|Any CPU
		{3046BFF0-B192-460E-9BC3-8463CA613677}.Release|Any CPU.Build.0 = Release|Any CPU
		{F9B7D590-5219-4C4A-AA63-38E6F3D5E7D5}.Debug|Any CPU.ActiveCfg = Debug|Any CPU
		{F9B7D590-5219-4C4A-AA63-38E6F3D5E7D5}.Debug|Any CPU.Build.0 = Debug|Any CPU
		{F9B7D590-5219-4C4A-AA63-38E6F3D5E7D5}.Release|Any CPU.ActiveCfg = Release|Any CPU
		{F9B7D590-5219-4C4A-AA63-38E6F3D5E7D5}.Release|Any CPU.Build.0 = Release|Any CPU
	EndGlobalSection
	GlobalSection(SolutionProperties) = preSolution
		HideSolutionNode = FALSE
	EndGlobalSection
	GlobalSection(ExtensibilityGlobals) = postSolution
		SolutionGuid = {990644D1-42C0-4EE8-85C1-8FE8DA8F702A}
	EndGlobalSection
EndGlobal
